
Microsoft Visual Studio Solution File, Format Version 12.00
# Visual Studio Version 17
VisualStudioVersion = 17.3.32825.248
MinimumVisualStudioVersion = 10.0.40219.1
Project("{FAE04EC0-301F-11D3-BF4B-00C04F79EFBC}") = "RabbitMQ", "RabbitMQ\RabbitMQ.csproj", "{5473CA82-81A3-4FC5-9785-38BEFE231B8B}"
EndProject
Project("{E53339B2-1760-4266-BCC7-CA923CBCF16C}") = "docker-compose", "docker-compose.dcproj", "{C50A3682-7E7C-408B-9C74-1037D8DBDBF4}"
EndProject
Project("{FAE04EC0-301F-11D3-BF4B-00C04F79EFBC}") = "RabbitMQConsumer", "RabbitMQConsumer\RabbitMQConsumer.csproj", "{3C4B17E5-C7BB-4186-A365-13E0BD8A9065}"
EndProject
Global
	GlobalSection(SolutionConfigurationPlatforms) = preSolution
		Debug|Any CPU = Debug|Any CPU
		Release|Any CPU = Release|Any CPU
	EndGlobalSection
	GlobalSection(ProjectConfigurationPlatforms) = postSolution
		{5473CA82-81A3-4FC5-9785-38BEFE231B8B}.Debug|Any CPU.ActiveCfg = Debug|Any CPU
		{5473CA82-81A3-4FC5-9785-38BEFE231B8B}.Debug|Any CPU.Build.0 = Debug|Any CPU
		{5473CA82-81A3-4FC5-9785-38BEFE231B8B}.Release|Any CPU.ActiveCfg = Release|Any CPU
		{5473CA82-81A3-4FC5-9785-38BEFE231B8B}.Release|Any CPU.Build.0 = Release|Any CPU
		{C50A3682-7E7C-408B-9C74-1037D8DBDBF4}.Debug|Any CPU.ActiveCfg = Debug|Any CPU
		{C50A3682-7E7C-408B-9C74-1037D8DBDBF4}.Debug|Any CPU.Build.0 = Debug|Any CPU
		{C50A3682-7E7C-408B-9C74-1037D8DBDBF4}.Release|Any CPU.ActiveCfg = Release|Any CPU
		{C50A3682-7E7C-408B-9C74-1037D8DBDBF4}.Release|Any CPU.Build.0 = Release|Any CPU
		{3C4B17E5-C7BB-4186-A365-13E0BD8A9065}.Debug|Any CPU.ActiveCfg = Debug|Any CPU
		{3C4B17E5-C7BB-4186-A365-13E0BD8A9065}.Debug|Any CPU.Build.0 = Debug|Any CPU
		{3C4B17E5-C7BB-4186-A365-13E0BD8A9065}.Release|Any CPU.ActiveCfg = Release|Any CPU
		{3C4B17E5-C7BB-4186-A365-13E0BD8A9065}.Release|Any CPU.Build.0 = Release|Any CPU
	EndGlobalSection
	GlobalSection(SolutionProperties) = preSolution
		HideSolutionNode = FALSE
	EndGlobalSection
	GlobalSection(ExtensibilityGlobals) = postSolution
		SolutionGuid = {E0DBA857-A6A5-4449-AEB7-7F4476A96A4C}
	EndGlobalSection
EndGlobal
